
Microsoft Visual Studio Solution File, Format Version 12.00
# Visual Studio Version 17
VisualStudioVersion = 17.1.32421.90
MinimumVisualStudioVersion = 10.0.40219.1
Project("{FAE04EC0-301F-11D3-BF4B-00C04F79EFBC}") = "StaffManagement", "StaffManagement.csproj", "{9911F923-9CF3-433A-9735-AFC7B1304D10}"
EndProject
Global
	GlobalSection(SolutionConfigurationPlatforms) = preSolution
		Debug|Any CPU = Debug|Any CPU
		Release|Any CPU = Release|Any CPU
	EndGlobalSection
	GlobalSection(ProjectConfigurationPlatforms) = postSolution
		{9911F923-9CF3-433A-9735-AFC7B1304D10}.Debug|Any CPU.ActiveCfg = Debug|Any CPU
		{9911F923-9CF3-433A-9735-AFC7B1304D10}.Debug|Any CPU.Build.0 = Debug|Any CPU
		{9911F923-9CF3-433A-9735-AFC7B1304D10}.Release|Any CPU.ActiveCfg = Release|Any CPU
		{9911F923-9CF3-433A-9735-AFC7B1304D10}.Release|Any CPU.Build.0 = Release|Any CPU
	EndGlobalSection
	GlobalSection(SolutionProperties) = preSolution
		HideSolutionNode = FALSE
	EndGlobalSection
	GlobalSection(ExtensibilityGlobals) = postSolution
		SolutionGuid = {1BF2A1BA-6560-4B2C-8595-CC5C16BA86A4}
	EndGlobalSection
EndGlobal
